
Microsoft Visual Studio Solution File, Format Version 12.00
Project("{FAE04EC0-301F-11D3-BF4B-00C04F79EFBC}") = "botcchi", "botcchi\botcchi.csproj", "{724C2BA1-59E6-4308-A1E4-3CF415E4EB67}"
EndProject
Global
	GlobalSection(SolutionConfigurationPlatforms) = preSolution
		Debug|Any CPU = Debug|Any CPU
		Release|Any CPU = Release|Any CPU
	EndGlobalSection
	GlobalSection(ProjectConfigurationPlatforms) = postSolution
		{724C2BA1-59E6-4308-A1E4-3CF415E4EB67}.Debug|Any CPU.ActiveCfg = Debug|Any CPU
		{724C2BA1-59E6-4308-A1E4-3CF415E4EB67}.Debug|Any CPU.Build.0 = Debug|Any CPU
		{724C2BA1-59E6-4308-A1E4-3CF415E4EB67}.Release|Any CPU.ActiveCfg = Release|Any CPU
		{724C2BA1-59E6-4308-A1E4-3CF415E4EB67}.Release|Any CPU.Build.0 = Release|Any CPU
	EndGlobalSection
EndGlobal
